
Microsoft Visual Studio Solution File, Format Version 12.00
# Visual Studio 14
VisualStudioVersion = 14.0.24720.0
MinimumVisualStudioVersion = 10.0.40219.1
Project("{8BC9CEB8-8B4A-11D0-8D11-00A0C91BC942}") = "lualib", "lua-5.3.2\lualib.vcxproj", "{3887348D-6A9B-4148-8BC6-9710BCFB875B}"
EndProject
Project("{8BC9CEB8-8B4A-11D0-8D11-00A0C91BC942}") = "luabind", "luabind\luabind.vcxproj", "{E7269BB1-90DD-4474-8CF5-8DA644039997}"
EndProject
Project("{8BC9CEB8-8B4A-11D0-8D11-00A0C91BC942}") = "LuaDaz", "LuaDaz\LuaDaz.vcxproj", "{208E0743-7693-4834-A38E-A49363F6374F}"
EndProject
Project("{2150E333-8FDC-42A3-9474-1A3956D46DE8}") = "libs", "libs", "{D03512B4-7DB5-4094-A453-44ADC88FFA96}"
EndProject
Global
	GlobalSection(SolutionConfigurationPlatforms) = preSolution
		Debug|x64 = Debug|x64
		Debug|x86 = Debug|x86
		Release|x64 = Release|x64
		Release|x86 = Release|x86
	EndGlobalSection
	GlobalSection(ProjectConfigurationPlatforms) = postSolution
		{3887348D-6A9B-4148-8BC6-9710BCFB875B}.Debug|x64.ActiveCfg = Debug|x64
		{3887348D-6A9B-4148-8BC6-9710BCFB875B}.Debug|x64.Build.0 = Debug|x64
		{3887348D-6A9B-4148-8BC6-9710BCFB875B}.Debug|x86.ActiveCfg = Debug|Win32
		{3887348D-6A9B-4148-8BC6-9710BCFB875B}.Debug|x86.Build.0 = Debug|Win32
		{3887348D-6A9B-4148-8BC6-9710BCFB875B}.Release|x64.ActiveCfg = Release|x64
		{3887348D-6A9B-4148-8BC6-9710BCFB875B}.Release|x64.Build.0 = Release|x64
		{3887348D-6A9B-4148-8BC6-9710BCFB875B}.Release|x86.ActiveCfg = Release|Win32
		{3887348D-6A9B-4148-8BC6-9710BCFB875B}.Release|x86.Build.0 = Release|Win32
		{E7269BB1-90DD-4474-8CF5-8DA644039997}.Debug|x64.ActiveCfg = Debug|x64
		{E7269BB1-90DD-4474-8CF5-8DA644039997}.Debug|x64.Build.0 = Debug|x64
		{E7269BB1-90DD-4474-8CF5-8DA644039997}.Debug|x86.ActiveCfg = Debug|Win32
		{E7269BB1-90DD-4474-8CF5-8DA644039997}.Debug|x86.Build.0 = Debug|Win32
		{E7269BB1-90DD-4474-8CF5-8DA644039997}.Release|x64.ActiveCfg = Release|x64
		{E7269BB1-90DD-4474-8CF5-8DA644039997}.Release|x64.Build.0 = Release|x64
		{E7269BB1-90DD-4474-8CF5-8DA644039997}.Release|x86.ActiveCfg = Release|Win32
		{E7269BB1-90DD-4474-8CF5-8DA644039997}.Release|x86.Build.0 = Release|Win32
		{208E0743-7693-4834-A38E-A49363F6374F}.Debug|x64.ActiveCfg = Debug|x64
		{208E0743-7693-4834-A38E-A49363F6374F}.Debug|x64.Build.0 = Debug|x64
		{208E0743-7693-4834-A38E-A49363F6374F}.Debug|x86.ActiveCfg = Debug|Win32
		{208E0743-7693-4834-A38E-A49363F6374F}.Debug|x86.Build.0 = Debug|Win32
		{208E0743-7693-4834-A38E-A49363F6374F}.Release|x64.ActiveCfg = Release|x64
		{208E0743-7693-4834-A38E-A49363F6374F}.Release|x64.Build.0 = Release|x64
		{208E0743-7693-4834-A38E-A49363F6374F}.Release|x86.ActiveCfg = Release|Win32
		{208E0743-7693-4834-A38E-A49363F6374F}.Release|x86.Build.0 = Release|Win32
	EndGlobalSection
	GlobalSection(SolutionProperties) = preSolution
		HideSolutionNode = FALSE
	EndGlobalSection
	GlobalSection(NestedProjects) = preSolution
		{3887348D-6A9B-4148-8BC6-9710BCFB875B} = {D03512B4-7DB5-4094-A453-44ADC88FFA96}
		{E7269BB1-90DD-4474-8CF5-8DA644039997} = {D03512B4-7DB5-4094-A453-44ADC88FFA96}
	EndGlobalSection
EndGlobal
