<?xml version="1.0" encoding="utf-8"?>
<Project ToolsVersion="4.0" xmlns="http://schemas.microsoft.com/developer/msbuild/2003">
  <ItemGroup>
    <ClCompile Include="LuaDazPlugin.cpp" />
  </ItemGroup>
  <ItemGroup>
    <ClInclude Include="plugininfo.h" />
    <ClInclude Include="resource.h" />
    <ClInclude Include="luadzaction.h" />
    <ClInclude Include="converters.h" />
    <ClInclude Include="LuaDazPlugin.h" />
  </ItemGroup>
  <ItemGroup>
    <None Include="LuaDaz.def" />
  </ItemGroup>
  <ItemGroup>
    <ResourceCompile Include="LuaDaz.rc" />
  </ItemGroup>
</Project>